
Microsoft Visual Studio Solution File, Format Version 12.00
# Visual Studio 15
VisualStudioVersion = 15.0.26730.15
MinimumVisualStudioVersion = 10.0.40219.1
Project("{FAE04EC0-301F-11D3-BF4B-00C04F79EFBC}") = "Sudoku", "Sudoku\Sudoku.csproj", "{2267D630-0B88-4F3B-B8F8-1A046F7497CB}"
	ProjectSection(ProjectDependencies) = postProject
		{0C112AA9-E88E-4435-B799-FD6EDF69F7A6} = {0C112AA9-E88E-4435-B799-FD6EDF69F7A6}
	EndProjectSection
EndProject
Project("{FAE04EC0-301F-11D3-BF4B-00C04F79EFBC}") = "Board", "Board\Board.csproj", "{666CA3A1-7E3C-485F-92A7-2B86B418982A}"
EndProject
Project("{FAE04EC0-301F-11D3-BF4B-00C04F79EFBC}") = "Strategy", "Strategy\Strategy.csproj", "{0C112AA9-E88E-4435-B799-FD6EDF69F7A6}"
EndProject
Project("{FAE04EC0-301F-11D3-BF4B-00C04F79EFBC}") = "UnitTests", "UnitTests\UnitTests.csproj", "{7BE27657-FF55-46AD-BE2E-59AB29E0B77C}"
EndProject
Global
	GlobalSection(SolutionConfigurationPlatforms) = preSolution
		Debug|Any CPU = Debug|Any CPU
		Release|Any CPU = Release|Any CPU
	EndGlobalSection
	GlobalSection(ProjectConfigurationPlatforms) = postSolution
		{2267D630-0B88-4F3B-B8F8-1A046F7497CB}.Debug|Any CPU.ActiveCfg = Debug|Any CPU
		{2267D630-0B88-4F3B-B8F8-1A046F7497CB}.Debug|Any CPU.Build.0 = Debug|Any CPU
		{2267D630-0B88-4F3B-B8F8-1A046F7497CB}.Release|Any CPU.ActiveCfg = Release|Any CPU
		{2267D630-0B88-4F3B-B8F8-1A046F7497CB}.Release|Any CPU.Build.0 = Release|Any CPU
		{666CA3A1-7E3C-485F-92A7-2B86B418982A}.Debug|Any CPU.ActiveCfg = Debug|Any CPU
		{666CA3A1-7E3C-485F-92A7-2B86B418982A}.Debug|Any CPU.Build.0 = Debug|Any CPU
		{666CA3A1-7E3C-485F-92A7-2B86B418982A}.Release|Any CPU.ActiveCfg = Release|Any CPU
		{666CA3A1-7E3C-485F-92A7-2B86B418982A}.Release|Any CPU.Build.0 = Release|Any CPU
		{0C112AA9-E88E-4435-B799-FD6EDF69F7A6}.Debug|Any CPU.ActiveCfg = Debug|Any CPU
		{0C112AA9-E88E-4435-B799-FD6EDF69F7A6}.Debug|Any CPU.Build.0 = Debug|Any CPU
		{0C112AA9-E88E-4435-B799-FD6EDF69F7A6}.Release|Any CPU.ActiveCfg = Release|Any CPU
		{0C112AA9-E88E-4435-B799-FD6EDF69F7A6}.Release|Any CPU.Build.0 = Release|Any CPU
		{7BE27657-FF55-46AD-BE2E-59AB29E0B77C}.Debug|Any CPU.ActiveCfg = Debug|Any CPU
		{7BE27657-FF55-46AD-BE2E-59AB29E0B77C}.Debug|Any CPU.Build.0 = Debug|Any CPU
		{7BE27657-FF55-46AD-BE2E-59AB29E0B77C}.Release|Any CPU.ActiveCfg = Release|Any CPU
		{7BE27657-FF55-46AD-BE2E-59AB29E0B77C}.Release|Any CPU.Build.0 = Release|Any CPU
	EndGlobalSection
	GlobalSection(SolutionProperties) = preSolution
		HideSolutionNode = FALSE
	EndGlobalSection
	GlobalSection(ExtensibilityGlobals) = postSolution
		SolutionGuid = {0F0FE2AB-DF14-4719-8C82-B762F51EE1B8}
	EndGlobalSection
EndGlobal
